
Microsoft Visual Studio Solution File, Format Version 12.00
# Visual Studio Version 17
VisualStudioVersion = 17.0.31903.59
MinimumVisualStudioVersion = 10.0.40219.1
Project("{2150E333-8FDC-42A3-9474-1A3956D46DE8}") = "src", "src", "{827E0CD3-B72D-47B6-A68D-7590B98EB39B}"
EndProject
Project("{FAE04EC0-301F-11D3-BF4B-00C04F79EFBC}") = "Fakt.Core", "src\Fakt.Core\Fakt.Core.csproj", "{CEEBAD98-4268-4CCA-922C-C44BF97C28A2}"
EndProject
Project("{FAE04EC0-301F-11D3-BF4B-00C04F79EFBC}") = "Fakt.Infrastructure", "src\Fakt.Infrastructure\Fakt.Infrastructure.csproj", "{74ADD61A-01EE-4242-A623-A2B21C1791EE}"
EndProject
Project("{FAE04EC0-301F-11D3-BF4B-00C04F79EFBC}") = "Fakt.Application", "src\Fakt.Application\Fakt.Application.csproj", "{C72CF568-37B5-40C4-A84D-90C9DE6B58B8}"
EndProject
Project("{FAE04EC0-301F-11D3-BF4B-00C04F79EFBC}") = "Fakt.Desktop", "src\Fakt.Desktop\Fakt.Desktop.csproj", "{AD6503DD-FC52-42A9-B3AC-A28B8504E93E}"
EndProject
Project("{2150E333-8FDC-42A3-9474-1A3956D46DE8}") = "tests", "tests", "{0AB3BF05-4346-4AA6-1389-037BE0695223}"
EndProject
Project("{FAE04EC0-301F-11D3-BF4B-00C04F79EFBC}") = "Fakt.IntegrationTests", "tests\Fakt.IntegrationTests\Fakt.IntegrationTests.csproj", "{9B696315-DE4D-4C54-886A-4CD4E5CBC454}"
EndProject
Project("{FAE04EC0-301F-11D3-BF4B-00C04F79EFBC}") = "Fakt.UnitTests", "tests\Fakt.UnitTests\Fakt.UnitTests.csproj", "{EA89DFC3-E84E-4604-A332-E300D968DCE9}"
EndProject
Global
	GlobalSection(SolutionConfigurationPlatforms) = preSolution
		Debug|Any CPU = Debug|Any CPU
		Debug|x64 = Debug|x64
		Debug|x86 = Debug|x86
		Release|Any CPU = Release|Any CPU
		Release|x64 = Release|x64
		Release|x86 = Release|x86
	EndGlobalSection
	GlobalSection(ProjectConfigurationPlatforms) = postSolution
		{CEEBAD98-4268-4CCA-922C-C44BF97C28A2}.Debug|Any CPU.ActiveCfg = Debug|Any CPU
		{CEEBAD98-4268-4CCA-922C-C44BF97C28A2}.Debug|Any CPU.Build.0 = Debug|Any CPU
		{CEEBAD98-4268-4CCA-922C-C44BF97C28A2}.Debug|x64.ActiveCfg = Debug|Any CPU
		{CEEBAD98-4268-4CCA-922C-C44BF97C28A2}.Debug|x64.Build.0 = Debug|Any CPU
		{CEEBAD98-4268-4CCA-922C-C44BF97C28A2}.Debug|x86.ActiveCfg = Debug|Any CPU
		{CEEBAD98-4268-4CCA-922C-C44BF97C28A2}.Debug|x86.Build.0 = Debug|Any CPU
		{CEEBAD98-4268-4CCA-922C-C44BF97C28A2}.Release|Any CPU.ActiveCfg = Release|Any CPU
		{CEEBAD98-4268-4CCA-922C-C44BF97C28A2}.Release|Any CPU.Build.0 = Release|Any CPU
		{CEEBAD98-4268-4CCA-922C-C44BF97C28A2}.Release|x64.ActiveCfg = Release|Any CPU
		{CEEBAD98-4268-4CCA-922C-C44BF97C28A2}.Release|x64.Build.0 = Release|Any CPU
		{CEEBAD98-4268-4CCA-922C-C44BF97C28A2}.Release|x86.ActiveCfg = Release|Any CPU
		{CEEBAD98-4268-4CCA-922C-C44BF97C28A2}.Release|x86.Build.0 = Release|Any CPU
		{74ADD61A-01EE-4242-A623-A2B21C1791EE}.Debug|Any CPU.ActiveCfg = Debug|Any CPU
		{74ADD61A-01EE-4242-A623-A2B21C1791EE}.Debug|Any CPU.Build.0 = Debug|Any CPU
		{74ADD61A-01EE-4242-A623-A2B21C1791EE}.Debug|x64.ActiveCfg = Debug|Any CPU
		{74ADD61A-01EE-4242-A623-A2B21C1791EE}.Debug|x64.Build.0 = Debug|Any CPU
		{74ADD61A-01EE-4242-A623-A2B21C1791EE}.Debug|x86.ActiveCfg = Debug|Any CPU
		{74ADD61A-01EE-4242-A623-A2B21C1791EE}.Debug|x86.Build.0 = Debug|Any CPU
		{74ADD61A-01EE-4242-A623-A2B21C1791EE}.Release|Any CPU.ActiveCfg = Release|Any CPU
		{74ADD61A-01EE-4242-A623-A2B21C1791EE}.Release|Any CPU.Build.0 = Release|Any CPU
		{74ADD61A-01EE-4242-A623-A2B21C1791EE}.Release|x64.ActiveCfg = Release|Any CPU
		{74ADD61A-01EE-4242-A623-A2B21C1791EE}.Release|x64.Build.0 = Release|Any CPU
		{74ADD61A-01EE-4242-A623-A2B21C1791EE}.Release|x86.ActiveCfg = Release|Any CPU
		{74ADD61A-01EE-4242-A623-A2B21C1791EE}.Release|x86.Build.0 = Release|Any CPU
		{C72CF568-37B5-40C4-A84D-90C9DE6B58B8}.Debug|Any CPU.ActiveCfg = Debug|Any CPU
		{C72CF568-37B5-40C4-A84D-90C9DE6B58B8}.Debug|Any CPU.Build.0 = Debug|Any CPU
		{C72CF568-37B5-40C4-A84D-90C9DE6B58B8}.Debug|x64.ActiveCfg = Debug|Any CPU
		{C72CF568-37B5-40C4-A84D-90C9DE6B58B8}.Debug|x64.Build.0 = Debug|Any CPU
		{C72CF568-37B5-40C4-A84D-90C9DE6B58B8}.Debug|x86.ActiveCfg = Debug|Any CPU
		{C72CF568-37B5-40C4-A84D-90C9DE6B58B8}.Debug|x86.Build.0 = Debug|Any CPU
		{C72CF568-37B5-40C4-A84D-90C9DE6B58B8}.Release|Any CPU.ActiveCfg = Release|Any CPU
		{C72CF568-37B5-40C4-A84D-90C9DE6B58B8}.Release|Any CPU.Build.0 = Release|Any CPU
		{C72CF568-37B5-40C4-A84D-90C9DE6B58B8}.Release|x64.ActiveCfg = Release|Any CPU
		{C72CF568-37B5-40C4-A84D-90C9DE6B58B8}.Release|x64.Build.0 = Release|Any CPU
		{C72CF568-37B5-40C4-A84D-90C9DE6B58B8}.Release|x86.ActiveCfg = Release|Any CPU
		{C72CF568-37B5-40C4-A84D-90C9DE6B58B8}.Release|x86.Build.0 = Release|Any CPU
		{AD6503DD-FC52-42A9-B3AC-A28B8504E93E}.Debug|Any CPU.ActiveCfg = Debug|Any CPU
		{AD6503DD-FC52-42A9-B3AC-A28B8504E93E}.Debug|Any CPU.Build.0 = Debug|Any CPU
		{AD6503DD-FC52-42A9-B3AC-A28B8504E93E}.Debug|x64.ActiveCfg = Debug|Any CPU
		{AD6503DD-FC52-42A9-B3AC-A28B8504E93E}.Debug|x64.Build.0 = Debug|Any CPU
		{AD6503DD-FC52-42A9-B3AC-A28B8504E93E}.Debug|x86.ActiveCfg = Debug|Any CPU
		{AD6503DD-FC52-42A9-B3AC-A28B8504E93E}.Debug|x86.Build.0 = Debug|Any CPU
		{AD6503DD-FC52-42A9-B3AC-A28B8504E93E}.Release|Any CPU.ActiveCfg = Release|Any CPU
		{AD6503DD-FC52-42A9-B3AC-A28B8504E93E}.Release|Any CPU.Build.0 = Release|Any CPU
		{AD6503DD-FC52-42A9-B3AC-A28B8504E93E}.Release|x64.ActiveCfg = Release|Any CPU
		{AD6503DD-FC52-42A9-B3AC-A28B8504E93E}.Release|x64.Build.0 = Release|Any CPU
		{AD6503DD-FC52-42A9-B3AC-A28B8504E93E}.Release|x86.ActiveCfg = Release|Any CPU
		{AD6503DD-FC52-42A9-B3AC-A28B8504E93E}.Release|x86.Build.0 = Release|Any CPU
		{9B696315-DE4D-4C54-886A-4CD4E5CBC454}.Debug|Any CPU.ActiveCfg = Debug|Any CPU
		{9B696315-DE4D-4C54-886A-4CD4E5CBC454}.Debug|Any CPU.Build.0 = Debug|Any CPU
		{9B696315-DE4D-4C54-886A-4CD4E5CBC454}.Debug|x64.ActiveCfg = Debug|Any CPU
		{9B696315-DE4D-4C54-886A-4CD4E5CBC454}.Debug|x64.Build.0 = Debug|Any CPU
		{9B696315-DE4D-4C54-886A-4CD4E5CBC454}.Debug|x86.ActiveCfg = Debug|Any CPU
		{9B696315-DE4D-4C54-886A-4CD4E5CBC454}.Debug|x86.Build.0 = Debug|Any CPU
		{9B696315-DE4D-4C54-886A-4CD4E5CBC454}.Release|Any CPU.ActiveCfg = Release|Any CPU
		{9B696315-DE4D-4C54-886A-4CD4E5CBC454}.Release|Any CPU.Build.0 = Release|Any CPU
		{9B696315-DE4D-4C54-886A-4CD4E5CBC454}.Release|x64.ActiveCfg = Release|Any CPU
		{9B696315-DE4D-4C54-886A-4CD4E5CBC454}.Release|x64.Build.0 = Release|Any CPU
		{9B696315-DE4D-4C54-886A-4CD4E5CBC454}.Release|x86.ActiveCfg = Release|Any CPU
		{9B696315-DE4D-4C54-886A-4CD4E5CBC454}.Release|x86.Build.0 = Release|Any CPU
		{EA89DFC3-E84E-4604-A332-E300D968DCE9}.Debug|Any CPU.ActiveCfg = Debug|Any CPU
		{EA89DFC3-E84E-4604-A332-E300D968DCE9}.Debug|Any CPU.Build.0 = Debug|Any CPU
		{EA89DFC3-E84E-4604-A332-E300D968DCE9}.Debug|x64.ActiveCfg = Debug|Any CPU
		{EA89DFC3-E84E-4604-A332-E300D968DCE9}.Debug|x64.Build.0 = Debug|Any CPU
		{EA89DFC3-E84E-4604-A332-E300D968DCE9}.Debug|x86.ActiveCfg = Debug|Any CPU
		{EA89DFC3-E84E-4604-A332-E300D968DCE9}.Debug|x86.Build.0 = Debug|Any CPU
		{EA89DFC3-E84E-4604-A332-E300D968DCE9}.Release|Any CPU.ActiveCfg = Release|Any CPU
		{EA89DFC3-E84E-4604-A332-E300D968DCE9}.Release|Any CPU.Build.0 = Release|Any CPU
		{EA89DFC3-E84E-4604-A332-E300D968DCE9}.Release|x64.ActiveCfg = Release|Any CPU
		{EA89DFC3-E84E-4604-A332-E300D968DCE9}.Release|x64.Build.0 = Release|Any CPU
		{EA89DFC3-E84E-4604-A332-E300D968DCE9}.Release|x86.ActiveCfg = Release|Any CPU
		{EA89DFC3-E84E-4604-A332-E300D968DCE9}.Release|x86.Build.0 = Release|Any CPU
	EndGlobalSection
	GlobalSection(SolutionProperties) = preSolution
		HideSolutionNode = FALSE
	EndGlobalSection
	GlobalSection(NestedProjects) = preSolution
		{CEEBAD98-4268-4CCA-922C-C44BF97C28A2} = {827E0CD3-B72D-47B6-A68D-7590B98EB39B}
		{74ADD61A-01EE-4242-A623-A2B21C1791EE} = {827E0CD3-B72D-47B6-A68D-7590B98EB39B}
		{C72CF568-37B5-40C4-A84D-90C9DE6B58B8} = {827E0CD3-B72D-47B6-A68D-7590B98EB39B}
		{AD6503DD-FC52-42A9-B3AC-A28B8504E93E} = {827E0CD3-B72D-47B6-A68D-7590B98EB39B}
		{9B696315-DE4D-4C54-886A-4CD4E5CBC454} = {0AB3BF05-4346-4AA6-1389-037BE0695223}
		{EA89DFC3-E84E-4604-A332-E300D968DCE9} = {0AB3BF05-4346-4AA6-1389-037BE0695223}
	EndGlobalSection
EndGlobal
